// !$*UTF8*$!
{
	archiveVersion = 1;
	classes = {
	};
	objectVersion = 50;
	objects = {

/* Begin PBXBuildFile section */
		51C5570724F52C7B006E489A /* AppDelegate.swift in Sources */ = {isa = PBXBuildFile; fileRef = 51C5570624F52C7B006E489A /* AppDelegate.swift */; };
		51C5570924F52C7B006E489A /* SceneDelegate.swift in Sources */ = {isa = PBXBuildFile; fileRef = 51C5570824F52C7B006E489A /* SceneDelegate.swift */; };
		51C5570B24F52C7B006E489A /* ViewController.swift in Sources */ = {isa = PBXBuildFile; fileRef = 51C5570A24F52C7B006E489A /* ViewController.swift */; };
		51C5570E24F52C7B006E489A /* Main.storyboard in Resources */ = {isa = PBXBuildFile; fileRef = 51C5570C24F52C7B006E489A /* Main.storyboard */; };
		51C5571024F52C7D006E489A /* Assets.xcassets in Resources */ = {isa = PBXBuildFile; fileRef = 51C5570F24F52C7D006E489A /* Assets.xcassets */; };
		51C5571324F52C7D006E489A /* LaunchScreen.storyboard in Resources */ = {isa = PBXBuildFile; fileRef = 51C5571124F52C7D006E489A /* LaunchScreen.storyboard */; };
		51C5571B24F53B8F006E489A /* TransitionManager.swift in Sources */ = {isa = PBXBuildFile; fileRef = 51C5571A24F53B8F006E489A /* TransitionManager.swift */; };
/* End PBXBuildFile section */

/* Begin PBXFileReference section */
		51C5570324F52C7A006E489A /* NavControllerAnimation.app */ = {isa = PBXFileReference; explicitFileType = wrapper.application; includeInIndex = 0; path = NavControllerAnimation.app; sourceTree = BUILT_PRODUCTS_DIR; };
		51C5570624F52C7B006E489A /* AppDelegate.swift */ = {isa = PBXFileReference; lastKnownFileType = sourcecode.swift; path = AppDelegate.swift; sourceTree = "<group>"; };
		51C5570824F52C7B006E489A /* SceneDelegate.swift */ = {isa = PBXFileReference; lastKnownFileType = sourcecode.swift; path = SceneDelegate.swift; sourceTree = "<group>"; };
		51C5570A24F52C7B006E489A /* ViewController.swift */ = {isa = PBXFileReference; lastKnownFileType = sourcecode.swift; path = ViewController.swift; sourceTree = "<group>"; };
		51C5570D24F52C7B006E489A /* Base */ = {isa = PBXFileReference; lastKnownFileType = file.storyboard; name = Base; path = Base.lproj/Main.storyboard; sourceTree = "<group>"; };
		51C5570F24F52C7D006E489A /* Assets.xcassets */ = {isa = PBXFileReference; lastKnownFileType = folder.assetcatalog; path = Assets.xcassets; sourceTree = "<group>"; };
		51C5571224F52C7D006E489A /* Base */ = {isa = PBXFileReference; lastKnownFileType = file.storyboard; name = Base; path = Base.lproj/LaunchScreen.storyboard; sourceTree = "<group>"; };
		51C5571424F52C7D006E489A /* Info.plist */ = {isa = PBXFileReference; lastKnownFileType = text.plist.xml; path = Info.plist; sourceTree = "<group>"; };
		51C5571A24F53B8F006E489A /* TransitionManager.swift */ = {isa = PBXFileReference; lastKnownFileType = sourcecode.swift; path = TransitionManager.swift; sourceTree = "<group>"; };
/* End PBXFileReference section */

/* Begin PBXFrameworksBuildPhase section */
		51C5570024F52C7A006E489A /* Frameworks */ = {
			isa = PBXFrameworksBuildPhase;
			buildActionMask = 2147483647;
			files = (
			);
			runOnlyForDeploymentPostprocessing = 0;
		};
/* End PBXFrameworksBuildPhase section */

/* Begin PBXGroup section */
		51C556FA24F52C7A006E489A = {
			isa = PBXGroup;
			children = (
				51C5570524F52C7A006E489A /* NavControllerAnimation */,
				51C5570424F52C7A006E489A /* Products */,
			);
			sourceTree = "<group>";
		};
		51C5570424F52C7A006E489A /* Products */ = {
			isa = PBXGroup;
			children = (
				51C5570324F52C7A006E489A /* NavControllerAnimation.app */,
			);
			name = Products;
			sourceTree = "<group>";
		};
		51C5570524F52C7A006E489A /* NavControllerAnimation */ = {
			isa = PBXGroup;
			children = (
				51C5570624F52C7B006E489A /* AppDelegate.swift */,
				51C5571A24F53B8F006E489A /* TransitionManager.swift */,
				51C5570824F52C7B006E489A /* SceneDelegate.swift */,
				51C5570A24F52C7B006E489A /* ViewController.swift */,
				51C5570C24F52C7B006E489A /* Main.storyboard */,
				51C5570F24F52C7D006E489A /* Assets.xcassets */,
				51C5571124F52C7D006E489A /* LaunchScreen.storyboard */,
				51C5571424F52C7D006E489A /* Info.plist */,
			);
			path = NavControllerAnimation;
			sourceTree = "<group>";
		};
/* End PBXGroup section */

/* Begin PBXNativeTarget section */
		51C5570224F52C7A006E489A /* NavControllerAnimation */ = {
			isa = PBXNativeTarget;
			buildConfigurationList = 51C5571724F52C7D006E489A /* Build configuration list for PBXNativeTarget "NavControllerAnimation" */;
			buildPhases = (
				51C556FF24F52C7A006E489A /* Sources */,
				51C5570024F52C7A006E489A /* Frameworks */,
				51C5570124F52C7A006E489A /* Resources */,
			);
			buildRules = (
			);
			dependencies = (
			);
			name = NavControllerAnimation;
			productName = NavControllerAnimation;
			productReference = 51C5570324F52C7A006E489A /* NavControllerAnimation.app */;
			productType = "com.apple.product-type.application";
		};
/* End PBXNativeTarget section */

/* Begin PBXProject section */
		51C556FB24F52C7A006E489A /* Project object */ = {
			isa = PBXProject;
			attributes = {
				LastSwiftUpdateCheck = 1150;
				LastUpgradeCheck = 1150;
				ORGANIZATIONNAME = "Sergey Desyak";
				TargetAttributes = {
					51C5570224F52C7A006E489A = {
						CreatedOnToolsVersion = 11.5;
					};
				};
			};
			buildConfigurationList = 51C556FE24F52C7A006E489A /* Build configuration list for PBXProject "NavControllerAnimation" */;
			compatibilityVersion = "Xcode 9.3";
			developmentRegion = en;
			hasScannedForEncodings = 0;
			knownRegions = (
				en,
				Base,
			);
			mainGroup = 51C556FA24F52C7A006E489A;
			productRefGroup = 51C5570424F52C7A006E489A /* Products */;
			projectDirPath = "";
			projectRoot = "";
			targets = (
				51C5570224F52C7A006E489A /* NavControllerAnimation */,
			);
		};
/* End PBXProject section */

/* Begin PBXResourcesBuildPhase section */
		51C5570124F52C7A006E489A /* Resources */ = {
			isa = PBXResourcesBuildPhase;
			buildActionMask = 2147483647;
			files = (
				51C5571324F52C7D006E489A /* LaunchScreen.storyboard in Resources */,
				51C5571024F52C7D006E489A /* Assets.xcassets in Resources */,
				51C5570E24F52C7B006E489A /* Main.storyboard in Resources */,
			);
			runOnlyForDeploymentPostprocessing = 0;
		};
/* End PBXResourcesBuildPhase section */

/* Begin PBXSourcesBuildPhase section */
		51C556FF24F52C7A006E489A /* Sources */ = {
			isa = PBXSourcesBuildPhase;
			buildActionMask = 2147483647;
			files = (
				51C5571B24F53B8F006E489A /* TransitionManager.swift in Sources */,
				51C5570B24F52C7B006E489A /* ViewController.swift in Sources */,
				51C5570724F52C7B006E489A /* AppDelegate.swift in Sources */,
				51C5570924F52C7B006E489A /* SceneDelegate.swift in Sources */,
			);
			runOnlyForDeploymentPostprocessing = 0;
		};
/* End PBXSourcesBuildPhase section */

/* Begin PBXVariantGroup section */
		51C5570C24F52C7B006E489A /* Main.storyboard */ = {
			isa = PBXVariantGroup;
			children = (
				51C5570D24F52C7B006E489A /* Base */,
			);
			name = Main.storyboard;
			sourceTree = "<group>";
		};
		51C5571124F52C7D006E489A /* LaunchScreen.storyboard */ = {
			isa = PBXVariantGroup;
			children = (
				51C5571224F52C7D006E489A /* Base */,
			);
			name = LaunchScreen.storyboard;
			sourceTree = "<group>";
		};
/* End PBXVariantGroup section */

/* Begin XCBuildConfiguration section */
		51C5571524F52C7D006E489A /* Debug */ = {
			isa = XCBuildConfiguration;
			buildSettings = {
				ALWAYS_SEARCH_USER_PATHS = NO;
				CLANG_ANALYZER_NONNULL = YES;
				CLANG_ANALYZER_NUMBER_OBJECT_CONVERSION = YES_AGGRESSIVE;
				CLANG_CXX_LANGUAGE_STANDARD = "gnu++14";
				CLANG_CXX_LIBRARY = "libc++";
				CLANG_ENABLE_MODULES = YES;
				CLANG_ENABLE_OBJC_ARC = YES;
				CLANG_ENABLE_OBJC_WEAK = YES;
				CLANG_WARN_BLOCK_CAPTURE_AUTORELEASING = YES;
				CLANG_WARN_BOOL_CONVERSION = YES;
				CLANG_WARN_COMMA = YES;
				CLANG_WARN_CONSTANT_CONVERSION = YES;
				CLANG_WARN_DEPRECATED_OBJC_IMPLEMENTATIONS = YES;
				CLANG_WARN_DIRECT_OBJC_ISA_USAGE = YES_ERROR;
				CLANG_WARN_DOCUMENTATION_COMMENTS = YES;
				CLANG_WARN_EMPTY_BODY = YES;
				CLANG_WARN_ENUM_CONVERSION = YES;
				CLANG_WARN_INFINITE_RECURSION = YES;
				CLANG_WARN_INT_CONVERSION = YES;
				CLANG_WARN_NON_LITERAL_NULL_CONVERSION = YES;
				CLANG_WARN_OBJC_IMPLICIT_RETAIN_SELF = YES;
				CLANG_WARN_OBJC_LITERAL_CONVERSION = YES;
				CLANG_WARN_OBJC_ROOT_CLASS = YES_ERROR;
				CLANG_WARN_RANGE_LOOP_ANALYSIS = YES;
				CLANG_WARN_STRICT_PROTOTYPES = YES;
				CLANG_WARN_SUSPICIOUS_MOVE = YES;
				CLANG_WARN_UNGUARDED_AVAILABILITY = YES_AGGRESSIVE;
				CLANG_WARN_UNREACHABLE_CODE = YES;
				CLANG_WARN__DUPLICATE_METHOD_MATCH = YES;
				COPY_PHASE_STRIP = NO;
				DEBUG_INFORMATION_FORMAT = dwarf;
				ENABLE_STRICT_OBJC_MSGSEND = YES;
				ENABLE_TESTABILITY = YES;
				GCC_C_LANGUAGE_STANDARD = gnu11;
				GCC_DYNAMIC_NO_PIC = NO;
				GCC_NO_COMMON_BLOCKS = YES;
				GCC_OPTIMIZATION_LEVEL = 0;
				GCC_PREPROCESSOR_DEFINITIONS = (
					"DEBUG=1",
					"$(inherited)",
				);
				GCC_WARN_64_TO_32_BIT_CONVERSION = YES;
				GCC_WARN_ABOUT_RETURN_TYPE = YES_ERROR;
				GCC_WARN_UNDECLARED_SELECTOR = YES;
				GCC_WARN_UNINITIALIZED_AUTOS = YES_AGGRESSIVE;
				GCC_WARN_UNUSED_FUNCTION = YES;
				GCC_WARN_UNUSED_VARIABLE = YES;
				IPHONEOS_DEPLOYMENT_TARGET = 13.5;
				MTL_ENABLE_DEBUG_INFO = INCLUDE_SOURCE;
				MTL_FAST_MATH = YES;
				ONLY_ACTIVE_ARCH = YES;
				SDKROOT = iphoneos;
				SWIFT_ACTIVE_COMPILATION_CONDITIONS = DEBUG;
				SWIFT_OPTIMIZATION_LEVEL = "-Onone";
			};
			name = Debug;
		};
		51C5571624F52C7D006E489A /* Release */ = {
			isa = XCBuildConfiguration;
			buildSettings = {
				ALWAYS_SEARCH_USER_PATHS = NO;
				CLANG_ANALYZER_NONNULL = YES;
				CLANG_ANALYZER_NUMBER_OBJECT_CONVERSION = YES_AGGRESSIVE;
				CLANG_CXX_LANGUAGE_STANDARD = "gnu++14";
				CLANG_CXX_LIBRARY = "libc++";
				CLANG_ENABLE_MODULES = YES;
				CLANG_ENABLE_OBJC_ARC = YES;
				CLANG_ENABLE_OBJC_WEAK = YES;
				CLANG_WARN_BLOCK_CAPTURE_AUTORELEASING = YES;
				CLANG_WARN_BOOL_CONVERSION = YES;
				CLANG_WARN_COMMA = YES;
				CLANG_WARN_CONSTANT_CONVERSION = YES;
				CLANG_WARN_DEPRECATED_OBJC_IMPLEMENTATIONS = YES;
				CLANG_WARN_DIRECT_OBJC_ISA_USAGE = YES_ERROR;
				CLANG_WARN_DOCUMENTATION_COMMENTS = YES;
				CLANG_WARN_EMPTY_BODY = YES;
				CLANG_WARN_ENUM_CONVERSION = YES;
				CLANG_WARN_INFINITE_RECURSION = YES;
				CLANG_WARN_INT_CONVERSION = YES;
				CLANG_WARN_NON_LITERAL_NULL_CONVERSION = YES;
				CLANG_WARN_OBJC_IMPLICIT_RETAIN_SELF = YES;
				CLANG_WARN_OBJC_LITERAL_CONVERSION = YES;
				CLANG_WARN_OBJC_ROOT_CLASS = YES_ERROR;
				CLANG_WARN_RANGE_LOOP_ANALYSIS = YES;
				CLANG_WARN_STRICT_PROTOTYPES = YES;
				CLANG_WARN_SUSPICIOUS_MOVE = YES;
				CLANG_WARN_UNGUARDED_AVAILABILITY = YES_AGGRESSIVE;
				CLANG_WARN_UNREACHABLE_CODE = YES;
				CLANG_WARN__DUPLICATE_METHOD_MATCH = YES;
				COPY_PHASE_STRIP = NO;
				DEBUG_INFORMATION_FORMAT = "dwarf-with-dsym";
				ENABLE_NS_ASSERTIONS = NO;
				ENABLE_STRICT_OBJC_MSGSEND = YES;
				GCC_C_LANGUAGE_STANDARD = gnu11;
				GCC_NO_COMMON_BLOCKS = YES;
				GCC_WARN_64_TO_32_BIT_CONVERSION = YES;
				GCC_WARN_ABOUT_RETURN_TYPE = YES_ERROR;
				GCC_WARN_UNDECLARED_SELECTOR = YES;
				GCC_WARN_UNINITIALIZED_AUTOS = YES_AGGRESSIVE;
				GCC_WARN_UNUSED_FUNCTION = YES;
				GCC_WARN_UNUSED_VARIABLE = YES;
				IPHONEOS_DEPLOYMENT_TARGET = 13.5;
				MTL_ENABLE_DEBUG_INFO = NO;
				MTL_FAST_MATH = YES;
				SDKROOT = iphoneos;
				SWIFT_COMPILATION_MODE = wholemodule;
				SWIFT_OPTIMIZATION_LEVEL = "-O";
				VALIDATE_PRODUCT = YES;
			};
			name = Release;
		};
		51C5571824F52C7D006E489A /* Debug */ = {
			isa = XCBuildConfiguration;
			buildSettings = {
				ASSETCATALOG_COMPILER_APPICON_NAME = AppIcon;
				CODE_SIGN_STYLE = Automatic;
				DEVELOPMENT_TEAM = NVY499P265;
				INFOPLIST_FILE = NavControllerAnimation/Info.plist;
				LD_RUNPATH_SEARCH_PATHS = (
					"$(inherited)",
					"@executable_path/Frameworks",
				);
				PRODUCT_BUNDLE_IDENTIFIER = com.desyak.s.NavControllerAnimation;
				PRODUCT_NAME = "$(TARGET_NAME)";
				SWIFT_VERSION = 5.0;
				TARGETED_DEVICE_FAMILY = "1,2";
			};
			name = Debug;
		};
		51C5571924F52C7D006E489A /* Release */ = {
			isa = XCBuildConfiguration;
			buildSettings = {
				ASSETCATALOG_COMPILER_APPICON_NAME = AppIcon;
				CODE_SIGN_STYLE = Automatic;
				DEVELOPMENT_TEAM = NVY499P265;
				INFOPLIST_FILE = NavControllerAnimation/Info.plist;
				LD_RUNPATH_SEARCH_PATHS = (
					"$(inherited)",
					"@executable_path/Frameworks",
				);
				PRODUCT_BUNDLE_IDENTIFIER = com.desyak.s.NavControllerAnimation;
				PRODUCT_NAME = "$(TARGET_NAME)";
				SWIFT_VERSION = 5.0;
				TARGETED_DEVICE_FAMILY = "1,2";
			};
			name = Release;
		};
/* End XCBuildConfiguration section */

/* Begin XCConfigurationList section */
		51C556FE24F52C7A006E489A /* Build configuration list for PBXProject "NavControllerAnimation" */ = {
			isa = XCConfigurationList;
			buildConfigurations = (
				51C5571524F52C7D006E489A /* Debug */,
				51C5571624F52C7D006E489A /* Release */,
			);
			defaultConfigurationIsVisible = 0;
			defaultConfigurationName = Release;
		};
		51C5571724F52C7D006E489A /* Build configuration list for PBXNativeTarget "NavControllerAnimation" */ = {
			isa = XCConfigurationList;
			buildConfigurations = (
				51C5571824F52C7D006E489A /* Debug */,
				51C5571924F52C7D006E489A /* Release */,
			);
			defaultConfigurationIsVisible = 0;
			defaultConfigurationName = Release;
		};
/* End XCConfigurationList section */
	};
	rootObject = 51C556FB24F52C7A006E489A /* Project object */;
}
